
Microsoft Visual Studio Solution File, Format Version 12.00
# Visual Studio Version 17
VisualStudioVersion = 17.8.34511.84
MinimumVisualStudioVersion = 10.0.40219.1
Project("{FAE04EC0-301F-11D3-BF4B-00C04F79EFBC}") = "reservaSala", "reservaSala\reservaSala.csproj", "{D948C47A-2982-460D-A449-86201D1A6135}"
EndProject
Global
	GlobalSection(SolutionConfigurationPlatforms) = preSolution
		Debug|Any CPU = Debug|Any CPU
		Release|Any CPU = Release|Any CPU
	EndGlobalSection
	GlobalSection(ProjectConfigurationPlatforms) = postSolution
		{D948C47A-2982-460D-A449-86201D1A6135}.Debug|Any CPU.ActiveCfg = Debug|Any CPU
		{D948C47A-2982-460D-A449-86201D1A6135}.Debug|Any CPU.Build.0 = Debug|Any CPU
		{D948C47A-2982-460D-A449-86201D1A6135}.Release|Any CPU.ActiveCfg = Release|Any CPU
		{D948C47A-2982-460D-A449-86201D1A6135}.Release|Any CPU.Build.0 = Release|Any CPU
	EndGlobalSection
	GlobalSection(SolutionProperties) = preSolution
		HideSolutionNode = FALSE
	EndGlobalSection
	GlobalSection(ExtensibilityGlobals) = postSolution
		SolutionGuid = {DD7F9DC6-927B-48C1-B0D7-281EABE2B5A5}
	EndGlobalSection
EndGlobal
